
Microsoft Visual Studio Solution File, Format Version 12.00
# Visual Studio 15
VisualStudioVersion = 15.0.28010.2016
MinimumVisualStudioVersion = 10.0.40219.1
Project("{FAE04EC0-301F-11D3-BF4B-00C04F79EFBC}") = "MassTransit_Saga", "MassTransit_Saga\MassTransit_Saga.csproj", "{AA1FD6A8-5B8A-4508-B539-BFF7131BE48F}"
EndProject
Project("{FAE04EC0-301F-11D3-BF4B-00C04F79EFBC}") = "MassTransit_Saga.Contracts", "MassTransit_Saga.Contracts\MassTransit_Saga.Contracts.csproj", "{F9C66C95-58F1-486C-984D-2988D7ABC6D2}"
EndProject
Project("{FAE04EC0-301F-11D3-BF4B-00C04F79EFBC}") = "MassTransit_Saga.CreateNewBook", "MassTransit_Saga.CreateNewBook\MassTransit_Saga.CreateNewBook.csproj", "{E50D4592-4588-440F-BB52-71186AFB50D5}"
EndProject
Project("{FAE04EC0-301F-11D3-BF4B-00C04F79EFBC}") = "MassTransit_Saga.Tests", "MassTransit_Saga.Tests\MassTransit_Saga.Tests.csproj", "{B765587B-4CFF-439E-934D-88F3DD6EDB72}"
EndProject
Project("{FAE04EC0-301F-11D3-BF4B-00C04F79EFBC}") = "Tools", "Tools\Tools.csproj", "{60E8DF77-6062-42CA-941B-A11B44CE2536}"
EndProject
Project("{FAE04EC0-301F-11D3-BF4B-00C04F79EFBC}") = "DataBus", "DataBus\DataBus.csproj", "{B1C2693A-4C14-4C5F-B893-8C6476318B8F}"
EndProject
Global
	GlobalSection(SolutionConfigurationPlatforms) = preSolution
		Debug|Any CPU = Debug|Any CPU
		Release|Any CPU = Release|Any CPU
	EndGlobalSection
	GlobalSection(ProjectConfigurationPlatforms) = postSolution
		{AA1FD6A8-5B8A-4508-B539-BFF7131BE48F}.Debug|Any CPU.ActiveCfg = Debug|Any CPU
		{AA1FD6A8-5B8A-4508-B539-BFF7131BE48F}.Debug|Any CPU.Build.0 = Debug|Any CPU
		{AA1FD6A8-5B8A-4508-B539-BFF7131BE48F}.Release|Any CPU.ActiveCfg = Release|Any CPU
		{AA1FD6A8-5B8A-4508-B539-BFF7131BE48F}.Release|Any CPU.Build.0 = Release|Any CPU
		{F9C66C95-58F1-486C-984D-2988D7ABC6D2}.Debug|Any CPU.ActiveCfg = Debug|Any CPU
		{F9C66C95-58F1-486C-984D-2988D7ABC6D2}.Debug|Any CPU.Build.0 = Debug|Any CPU
		{F9C66C95-58F1-486C-984D-2988D7ABC6D2}.Release|Any CPU.ActiveCfg = Release|Any CPU
		{F9C66C95-58F1-486C-984D-2988D7ABC6D2}.Release|Any CPU.Build.0 = Release|Any CPU
		{E50D4592-4588-440F-BB52-71186AFB50D5}.Debug|Any CPU.ActiveCfg = Debug|Any CPU
		{E50D4592-4588-440F-BB52-71186AFB50D5}.Debug|Any CPU.Build.0 = Debug|Any CPU
		{E50D4592-4588-440F-BB52-71186AFB50D5}.Release|Any CPU.ActiveCfg = Release|Any CPU
		{E50D4592-4588-440F-BB52-71186AFB50D5}.Release|Any CPU.Build.0 = Release|Any CPU
		{B765587B-4CFF-439E-934D-88F3DD6EDB72}.Debug|Any CPU.ActiveCfg = Debug|Any CPU
		{B765587B-4CFF-439E-934D-88F3DD6EDB72}.Debug|Any CPU.Build.0 = Debug|Any CPU
		{B765587B-4CFF-439E-934D-88F3DD6EDB72}.Release|Any CPU.ActiveCfg = Release|Any CPU
		{B765587B-4CFF-439E-934D-88F3DD6EDB72}.Release|Any CPU.Build.0 = Release|Any CPU
		{60E8DF77-6062-42CA-941B-A11B44CE2536}.Debug|Any CPU.ActiveCfg = Debug|Any CPU
		{60E8DF77-6062-42CA-941B-A11B44CE2536}.Debug|Any CPU.Build.0 = Debug|Any CPU
		{60E8DF77-6062-42CA-941B-A11B44CE2536}.Release|Any CPU.ActiveCfg = Release|Any CPU
		{60E8DF77-6062-42CA-941B-A11B44CE2536}.Release|Any CPU.Build.0 = Release|Any CPU
		{B1C2693A-4C14-4C5F-B893-8C6476318B8F}.Debug|Any CPU.ActiveCfg = Debug|Any CPU
		{B1C2693A-4C14-4C5F-B893-8C6476318B8F}.Debug|Any CPU.Build.0 = Debug|Any CPU
		{B1C2693A-4C14-4C5F-B893-8C6476318B8F}.Release|Any CPU.ActiveCfg = Release|Any CPU
		{B1C2693A-4C14-4C5F-B893-8C6476318B8F}.Release|Any CPU.Build.0 = Release|Any CPU
	EndGlobalSection
	GlobalSection(SolutionProperties) = preSolution
		HideSolutionNode = FALSE
	EndGlobalSection
	GlobalSection(ExtensibilityGlobals) = postSolution
		SolutionGuid = {5039C7F7-ADB2-4448-B0D0-4CEDBBC1D05C}
	EndGlobalSection
EndGlobal
